<?xml version="1.0" encoding="utf-8"?>
<Project ToolsVersion="4.0" xmlns="http://schemas.microsoft.com/developer/msbuild/2003">
  <ItemGroup>
    <Filter Include="Source Files">
      <UniqueIdentifier>{4FC737F1-C7A5-4376-A066-2A32D752A2FF}</UniqueIdentifier>
      <Extensions>cpp;c;cc;cxx;c++;cppm;ixx;def;odl;idl;hpj;bat;asm;asmx</Extensions>
    </Filter>
    <Filter Include="Header Files">
      <UniqueIdentifier>{93995380-89BD-4b04-88EB-625FBE52EBFB}</UniqueIdentifier>
      <Extensions>h;hh;hpp;hxx;h++;hm;inl;inc;ipp;xsd</Extensions>
    </Filter>
    <Filter Include="Resource Files">
      <UniqueIdentifier>{67DA6AB6-F800-4c08-8B7A-83BB121AAD01}</UniqueIdentifier>
      <Extensions>rc;ico;cur;bmp;dlg;rc2;rct;bin;rgs;gif;jpg;jpeg;jpe;resx;tiff;tif;png;wav;mfcribbon-ms</Extensions>
    </Filter>
    <Filter Include="Header Files\vulkan">
      <UniqueIdentifier>{54b4f569-8e0b-4e8b-8755-bcb061f2cb58}</UniqueIdentifier>
    </Filter>
    <Filter Include="Header Files\vulkan\core">
      <UniqueIdentifier>{7187aab7-884e-49b7-bad4-f914b2152909}</UniqueIdentifier>
    </Filter>
    <Filter Include="Source Files\vulkan">
      <UniqueIdentifier>{b25478fa-2f58-4653-a1bf-9ada53d9c534}</UniqueIdentifier>
    </Filter>
    <Filter Include="Source Files\vulkan\core">
      <UniqueIdentifier>{0b2c063f-60e3-456d-9abf-013011ff6df9}</UniqueIdentifier>
    </Filter>
    <Filter Include="Header Files\vulkan\window">
      <UniqueIdentifier>{616192f7-ab9e-494f-a98a-3c4bc61b0fc3}</UniqueIdentifier>
    </Filter>
    <Filter Include="Source Files\vulkan\window">
      <UniqueIdentifier>{27849c80-69a8-4229-9ac6-d01707a7787c}</UniqueIdentifier>
    </Filter>
    <Filter Include="Header Files\vulkan\renderer">
      <UniqueIdentifier>{23b57d52-887d-443c-b8fe-1e2863a5dda1}</UniqueIdentifier>
    </Filter>
    <Filter Include="Source Files\vulkan\renderer">
      <UniqueIdentifier>{acac7f91-e743-4410-aa69-f4b3170a98a7}</UniqueIdentifier>
    </Filter>
    <Filter Include="Resource Files\shaders">
      <UniqueIdentifier>{c373ca0e-f117-45b4-8d30-812035d9a3c6}</UniqueIdentifier>
    </Filter>
    <Filter Include="Resource Files\shaders\drawmesh">
      <UniqueIdentifier>{75d3cba6-8c17-4bae-8b3f-0dba6090f3eb}</UniqueIdentifier>
    </Filter>
    <Filter Include="Header Files\utils">
      <UniqueIdentifier>{611fcb54-13ac-4bb0-86c6-046ebe058b88}</UniqueIdentifier>
    </Filter>
    <Filter Include="Header Files\vulkan\renderer\rectangle">
      <UniqueIdentifier>{6e1c2868-4560-4dd5-8c8b-a4640ef908c4}</UniqueIdentifier>
    </Filter>
    <Filter Include="Source Files\vulkan\renderer\rectangle">
      <UniqueIdentifier>{6a3a3e2e-a613-4fe3-a0b8-8f5d2f81473b}</UniqueIdentifier>
    </Filter>
    <Filter Include="Header Files\iige">
      <UniqueIdentifier>{71460dcd-0652-4fc6-9f78-ac523abbb55c}</UniqueIdentifier>
    </Filter>
    <Filter Include="Source Files\iige">
      <UniqueIdentifier>{11fc3a9a-291d-4656-84fc-fcb55e535f0d}</UniqueIdentifier>
    </Filter>
    <Filter Include="Header Files\opengl">
      <UniqueIdentifier>{65e7c70d-5a44-4506-8f71-b7a6ac531696}</UniqueIdentifier>
    </Filter>
    <Filter Include="Source Files\opengl">
      <UniqueIdentifier>{607197bf-d9fa-4e19-b921-47ce054dca54}</UniqueIdentifier>
    </Filter>
    <Filter Include="Header Files\vulkan\resources">
      <UniqueIdentifier>{e764713d-1b6e-40c5-8375-6df1c9605b69}</UniqueIdentifier>
    </Filter>
    <Filter Include="Header Files\vulkan\resources\mesh">
      <UniqueIdentifier>{9aae7bcb-274a-4288-b836-8b096e54673a}</UniqueIdentifier>
    </Filter>
  </ItemGroup>
  <ItemGroup>
    <ClCompile Include="Main.cpp">
      <Filter>Source Files</Filter>
    </ClCompile>
    <ClCompile Include="vulkan\core\debug_messenger.cpp">
      <Filter>Source Files\vulkan\core</Filter>
    </ClCompile>
    <ClCompile Include="vulkan\core\instance.cpp">
      <Filter>Source Files\vulkan\core</Filter>
    </ClCompile>
    <ClCompile Include="vulkan\core\manager.cpp">
      <Filter>Source Files\vulkan\core</Filter>
    </ClCompile>
    <ClCompile Include="vulkan\core\device.cpp">
      <Filter>Source Files\vulkan\core</Filter>
    </ClCompile>
    <ClCompile Include="vulkan\core\queues.cpp">
      <Filter>Source Files\vulkan\core</Filter>
    </ClCompile>
    <ClCompile Include="vulkan\window\surface.cpp">
      <Filter>Source Files\vulkan\window</Filter>
    </ClCompile>
    <ClCompile Include="vulkan\window\window.cpp">
      <Filter>Source Files\vulkan\window</Filter>
    </ClCompile>
    <ClCompile Include="vulkan\window\swapchain.cpp">
      <Filter>Source Files\vulkan\window</Filter>
    </ClCompile>
    <ClCompile Include="vulkan\core\swapchain_chosen_details.cpp">
      <Filter>Source Files\vulkan\core</Filter>
    </ClCompile>
    <ClCompile Include="vulkan\window\window_sized_image.cpp">
      <Filter>Source Files\vulkan\window</Filter>
    </ClCompile>
    <ClCompile Include="vulkan\core\flying_frames_pool.cpp">
      <Filter>Source Files\vulkan\core</Filter>
    </ClCompile>
    <ClCompile Include="vulkan\libraries_implementation.cpp">
      <Filter>Source Files\vulkan</Filter>
    </ClCompile>
    <ClCompile Include="vulkan\core\image.cpp">
      <Filter>Source Files\vulkan\core</Filter>
    </ClCompile>
    <ClCompile Include="vulkan\core\renderer_window_data.cpp">
      <Filter>Source Files\vulkan\core</Filter>
    </ClCompile>
    <ClCompile Include="vulkan\core\renderer.cpp">
      <Filter>Source Files\vulkan\core</Filter>
    </ClCompile>
    <ClCompile Include="vulkan\renderer\rectangle\rectangle_renderer.cpp">
      <Filter>Source Files\vulkan\renderer\rectangle</Filter>
    </ClCompile>
    <ClCompile Include="MainOGL.cpp">
      <Filter>Source Files</Filter>
    </ClCompile>
    <ClCompile Include="..\..\..\Libraries\glad\glad.c">
      <Filter>Source Files\opengl</Filter>
    </ClCompile>
    <ClCompile Include="quick_tests.cpp">
      <Filter>Source Files</Filter>
    </ClCompile>
  </ItemGroup>
  <ItemGroup>
    <ClInclude Include="vulkan\core\instance.h">
      <Filter>Header Files\vulkan\core</Filter>
    </ClInclude>
    <ClInclude Include="vulkan\core\device.h">
      <Filter>Header Files\vulkan\core</Filter>
    </ClInclude>
    <ClInclude Include="vulkan\core\utils.h">
      <Filter>Header Files\vulkan\core</Filter>
    </ClInclude>
    <ClInclude Include="vulkan\core\debug_messenger.h">
      <Filter>Header Files\vulkan\core</Filter>
    </ClInclude>
    <ClInclude Include="vulkan\core\manager.h">
      <Filter>Header Files\vulkan\core</Filter>
    </ClInclude>
    <ClInclude Include="vulkan\core\queues.h">
      <Filter>Header Files\vulkan\core</Filter>
    </ClInclude>
    <ClInclude Include="vulkan\window\surface.h">
      <Filter>Header Files\vulkan\window</Filter>
    </ClInclude>
    <ClInclude Include="vulkan\window\window.h">
      <Filter>Header Files\vulkan\window</Filter>
    </ClInclude>
    <ClInclude Include="vulkan\window\swapchain.h">
      <Filter>Header Files\vulkan\window</Filter>
    </ClInclude>
    <ClInclude Include="vulkan\core\swapchain_chosen_details.h">
      <Filter>Header Files\vulkan\core</Filter>
    </ClInclude>
    <ClInclude Include="vulkan\dependencies.h">
      <Filter>Header Files\vulkan</Filter>
    </ClInclude>
    <ClInclude Include="vulkan\window\window_sized_image.h">
      <Filter>Header Files\vulkan\window</Filter>
    </ClInclude>
    <ClInclude Include="vulkan\core\flying_frames_pool.h">
      <Filter>Header Files\vulkan\core</Filter>
    </ClInclude>
    <ClInclude Include="vulkan\core\model.h">
      <Filter>Header Files\vulkan\core</Filter>
    </ClInclude>
    <ClInclude Include="vulkan\core\image.h">
      <Filter>Header Files\vulkan\core</Filter>
    </ClInclude>
    <ClInclude Include="utils\memory.h">
      <Filter>Header Files\utils</Filter>
    </ClInclude>
    <ClInclude Include="vulkan\core\renderer_window_data.h">
      <Filter>Header Files\vulkan\core</Filter>
    </ClInclude>
    <ClInclude Include="vulkan\core\renderer.h">
      <Filter>Header Files\vulkan\core</Filter>
    </ClInclude>
    <ClInclude Include="vulkan\renderer\rectangle\rectangle_renderer.h">
      <Filter>Header Files\vulkan\renderer\rectangle</Filter>
    </ClInclude>
    <ClInclude Include="iige\loop.h">
      <Filter>Header Files\iige</Filter>
    </ClInclude>
    <ClInclude Include="utils\clock.h">
      <Filter>Header Files\utils</Filter>
    </ClInclude>
    <ClInclude Include="opengl\window.h">
      <Filter>Header Files\opengl</Filter>
    </ClInclude>
    <ClInclude Include="opengl\rectangle_renderer.h">
      <Filter>Header Files\opengl</Filter>
    </ClInclude>
    <ClInclude Include="opengl\shader.h">
      <Filter>Header Files\opengl</Filter>
    </ClInclude>
    <ClInclude Include="utils\remappable_handled_container.h">
      <Filter>Header Files\utils</Filter>
    </ClInclude>
    <ClInclude Include="iige\assets_manager.h">
      <Filter>Header Files\iige</Filter>
    </ClInclude>
    <ClInclude Include="iige\asset_manager.h">
      <Filter>Header Files\iige</Filter>
    </ClInclude>
    <ClInclude Include="vulkan\resources\shader.h">
      <Filter>Header Files\vulkan\resources</Filter>
    </ClInclude>
    <ClInclude Include="vulkan\resources\mesh\base.h">
      <Filter>Header Files\vulkan\resources\mesh</Filter>
    </ClInclude>
    <ClInclude Include="vulkan\resources\mesh\gpu.h">
      <Filter>Header Files\vulkan\resources\mesh</Filter>
    </ClInclude>
    <ClInclude Include="vulkan\resources\vertex.h">
      <Filter>Header Files\vulkan\resources</Filter>
    </ClInclude>
    <ClInclude Include="vulkan\resources\gpu_resources_manager.h">
      <Filter>Header Files\vulkan\resources</Filter>
    </ClInclude>
    <ClInclude Include="vulkan\core\memory_operations_command_buffer.h">
      <Filter>Header Files\vulkan\core</Filter>
    </ClInclude>
    <ClInclude Include="old mixed resman async.h">
      <Filter>Header Files</Filter>
    </ClInclude>
    <ClInclude Include="iige\one_time_tasks.h">
      <Filter>Header Files\iige</Filter>
    </ClInclude>
  </ItemGroup>
  <ItemGroup>
    <None Include="data\shaders\drawmesh\shader.frag">
      <Filter>Resource Files\shaders\drawmesh</Filter>
    </None>
    <None Include="data\shaders\drawmesh\shader.vert">
      <Filter>Resource Files\shaders\drawmesh</Filter>
    </None>
  </ItemGroup>
</Project>