<?xml version="1.0" encoding="utf-8"?>
<Project ToolsVersion="4.0" xmlns="http://schemas.microsoft.com/developer/msbuild/2003">
  <ItemGroup>
    <Filter Include="Source Files">
      <UniqueIdentifier>{4FC737F1-C7A5-4376-A066-2A32D752A2FF}</UniqueIdentifier>
      <Extensions>cpp;c;cc;cxx;c++;cppm;ixx;def;odl;idl;hpj;bat;asm;asmx</Extensions>
    </Filter>
    <Filter Include="Header Files">
      <UniqueIdentifier>{93995380-89BD-4b04-88EB-625FBE52EBFB}</UniqueIdentifier>
      <Extensions>h;hh;hpp;hxx;h++;hm;inl;inc;ipp;xsd</Extensions>
    </Filter>
    <Filter Include="Resource Files">
      <UniqueIdentifier>{67DA6AB6-F800-4c08-8B7A-83BB121AAD01}</UniqueIdentifier>
      <Extensions>rc;ico;cur;bmp;dlg;rc2;rct;bin;rgs;gif;jpg;jpeg;jpe;resx;tiff;tif;png;wav;mfcribbon-ms</Extensions>
    </Filter>
    <Filter Include="Header Files\vulkan">
      <UniqueIdentifier>{54b4f569-8e0b-4e8b-8755-bcb061f2cb58}</UniqueIdentifier>
    </Filter>
    <Filter Include="Header Files\vulkan\core">
      <UniqueIdentifier>{7187aab7-884e-49b7-bad4-f914b2152909}</UniqueIdentifier>
    </Filter>
    <Filter Include="Source Files\vulkan">
      <UniqueIdentifier>{b25478fa-2f58-4653-a1bf-9ada53d9c534}</UniqueIdentifier>
    </Filter>
    <Filter Include="Source Files\vulkan\core">
      <UniqueIdentifier>{0b2c063f-60e3-456d-9abf-013011ff6df9}</UniqueIdentifier>
    </Filter>
    <Filter Include="Header Files\vulkan\window">
      <UniqueIdentifier>{616192f7-ab9e-494f-a98a-3c4bc61b0fc3}</UniqueIdentifier>
    </Filter>
    <Filter Include="Source Files\vulkan\window">
      <UniqueIdentifier>{27849c80-69a8-4229-9ac6-d01707a7787c}</UniqueIdentifier>
    </Filter>
    <Filter Include="Header Files\vulkan\renderer">
      <UniqueIdentifier>{23b57d52-887d-443c-b8fe-1e2863a5dda1}</UniqueIdentifier>
    </Filter>
    <Filter Include="Source Files\vulkan\renderer">
      <UniqueIdentifier>{acac7f91-e743-4410-aa69-f4b3170a98a7}</UniqueIdentifier>
    </Filter>
  </ItemGroup>
  <ItemGroup>
    <ClCompile Include="Main.cpp">
      <Filter>Source Files</Filter>
    </ClCompile>
    <ClCompile Include="vulkan\core\debug_messenger.cpp">
      <Filter>Source Files\vulkan\core</Filter>
    </ClCompile>
    <ClCompile Include="vulkan\core\instance.cpp">
      <Filter>Source Files\vulkan\core</Filter>
    </ClCompile>
    <ClCompile Include="vulkan\core\manager.cpp">
      <Filter>Source Files\vulkan\core</Filter>
    </ClCompile>
    <ClCompile Include="vulkan\core\device.cpp">
      <Filter>Source Files\vulkan\core</Filter>
    </ClCompile>
    <ClCompile Include="vulkan\core\queues.cpp">
      <Filter>Source Files\vulkan\core</Filter>
    </ClCompile>
    <ClCompile Include="vulkan\window\surface.cpp">
      <Filter>Source Files\vulkan\window</Filter>
    </ClCompile>
    <ClCompile Include="vulkan\window\window.cpp">
      <Filter>Source Files\vulkan\window</Filter>
    </ClCompile>
    <ClCompile Include="vulkan\window\swapchain.cpp">
      <Filter>Source Files\vulkan\window</Filter>
    </ClCompile>
    <ClCompile Include="vulkan\core\swapchain_chosen_details.cpp">
      <Filter>Source Files\vulkan\core</Filter>
    </ClCompile>
    <ClCompile Include="vulkan\window\window_sized_image.cpp">
      <Filter>Source Files\vulkan\window</Filter>
    </ClCompile>
    <ClCompile Include="vulkan\renderer\rectangle\renderer.cpp">
      <Filter>Source Files\vulkan\renderer</Filter>
    </ClCompile>
    <ClCompile Include="vulkan\core\flying_frames_pool.cpp">
      <Filter>Source Files\vulkan\core</Filter>
    </ClCompile>
  </ItemGroup>
  <ItemGroup>
    <ClInclude Include="vulkan\core\instance.h">
      <Filter>Header Files\vulkan\core</Filter>
    </ClInclude>
    <ClInclude Include="vulkan\core\device.h">
      <Filter>Header Files\vulkan\core</Filter>
    </ClInclude>
    <ClInclude Include="vulkan\core\utils.h">
      <Filter>Header Files\vulkan\core</Filter>
    </ClInclude>
    <ClInclude Include="vulkan\core\debug_messenger.h">
      <Filter>Header Files\vulkan\core</Filter>
    </ClInclude>
    <ClInclude Include="vulkan\core\manager.h">
      <Filter>Header Files\vulkan\core</Filter>
    </ClInclude>
    <ClInclude Include="vulkan\core\queues.h">
      <Filter>Header Files\vulkan\core</Filter>
    </ClInclude>
    <ClInclude Include="vulkan\window\surface.h">
      <Filter>Header Files\vulkan\window</Filter>
    </ClInclude>
    <ClInclude Include="vulkan\window\window.h">
      <Filter>Header Files\vulkan\window</Filter>
    </ClInclude>
    <ClInclude Include="vulkan\window\swapchain.h">
      <Filter>Header Files\vulkan\window</Filter>
    </ClInclude>
    <ClInclude Include="vulkan\core\swapchain_chosen_details.h">
      <Filter>Header Files\vulkan\core</Filter>
    </ClInclude>
    <ClInclude Include="vulkan\dependencies.h">
      <Filter>Header Files\vulkan</Filter>
    </ClInclude>
    <ClInclude Include="vulkan\window\window_sized_image.h">
      <Filter>Header Files\vulkan\window</Filter>
    </ClInclude>
    <ClInclude Include="vulkan\core\shader.h">
      <Filter>Header Files\vulkan\core</Filter>
    </ClInclude>
    <ClInclude Include="vulkan\renderer\rectangle\renderer.h">
      <Filter>Header Files\vulkan\renderer</Filter>
    </ClInclude>
    <ClInclude Include="vulkan\core\flying_frames_pool.h">
      <Filter>Header Files\vulkan\core</Filter>
    </ClInclude>
  </ItemGroup>
</Project>